{
  "lockfileVersion": 1,
  "configVersion": 0,
  "workspaces": {
    "": {
      "name": "ccusage-multi-devices",
      "dependencies": {
        "@aws-sdk/client-s3": "^3.0.0",
        "@typescript/native-preview": "^7.0.0-dev.20250725.1",
        "ccusage": "^17.0.0",
      },
      "devDependencies": {
        "@biomejs/biome": "2.3.9",
        "@types/bun": "latest",
      },
      "peerDependencies": {
        "typescript": "^5.0.0",
      },
    },
  },
  "packages": {
    "@aws-crypto/crc32": ["@aws-crypto/crc32@5.2.0", "", { "dependencies": { "@aws-crypto/util": "^5.2.0", "@aws-sdk/types": "^3.222.0", "tslib": "^2.6.2" } }, "sha512-nLbCWqQNgUiwwtFsen1AdzAtvuLRsQS8rYgMuxCrdKf9kOssamGLuPwyTY9wyYblNr9+1XM8v6zoDTPPSIeANg=="],

    "@aws-crypto/crc32c": ["@aws-crypto/crc32c@5.2.0", "", { "dependencies": { "@aws-crypto/util": "^5.2.0", "@aws-sdk/types": "^3.222.0", "tslib": "^2.6.2" } }, "sha512-+iWb8qaHLYKrNvGRbiYRHSdKRWhto5XlZUEBwDjYNf+ly5SVYG6zEoYIdxvf5R3zyeP16w4PLBn3rH1xc74Rag=="],

    "@aws-crypto/sha1-browser": ["@aws-crypto/sha1-browser@5.2.0", "", { "dependencies": { "@aws-crypto/supports-web-crypto": "^5.2.0", "@aws-crypto/util": "^5.2.0", "@aws-sdk/types": "^3.222.0", "@aws-sdk/util-locate-window": "^3.0.0", "@smithy/util-utf8": "^2.0.0", "tslib": "^2.6.2" } }, "sha512-OH6lveCFfcDjX4dbAvCFSYUjJZjDr/3XJ3xHtjn3Oj5b9RjojQo8npoLeA/bNwkOkrSQ0wgrHzXk4tDRxGKJeg=="],

    "@aws-crypto/sha256-browser": ["@aws-crypto/sha256-browser@5.2.0", "", { "dependencies": { "@aws-crypto/sha256-js": "^5.2.0", "@aws-crypto/supports-web-crypto": "^5.2.0", "@aws-crypto/util": "^5.2.0", "@aws-sdk/types": "^3.222.0", "@aws-sdk/util-locate-window": "^3.0.0", "@smithy/util-utf8": "^2.0.0", "tslib": "^2.6.2" } }, "sha512-AXfN/lGotSQwu6HNcEsIASo7kWXZ5HYWvfOmSNKDsEqC4OashTp8alTmaz+F7TC2L083SFv5RdB+qU3Vs1kZqw=="],

    "@aws-crypto/sha256-js": ["@aws-crypto/sha256-js@5.2.0", "", { "dependencies": { "@aws-crypto/util": "^5.2.0", "@aws-sdk/types": "^3.222.0", "tslib": "^2.6.2" } }, "sha512-FFQQyu7edu4ufvIZ+OadFpHHOt+eSTBaYaki44c+akjg7qZg9oOQeLlk77F6tSYqjDAFClrHJk9tMf0HdVyOvA=="],

    "@aws-crypto/supports-web-crypto": ["@aws-crypto/supports-web-crypto@5.2.0", "", { "dependencies": { "tslib": "^2.6.2" } }, "sha512-iAvUotm021kM33eCdNfwIN//F77/IADDSs58i+MDaOqFrVjZo9bAal0NK7HurRuWLLpF1iLX7gbWrjHjeo+YFg=="],

    "@aws-crypto/util": ["@aws-crypto/util@5.2.0", "", { "dependencies": { "@aws-sdk/types": "^3.222.0", "@smithy/util-utf8": "^2.0.0", "tslib": "^2.6.2" } }, "sha512-4RkU9EsI6ZpBve5fseQlGNUWKMa1RLPQ1dnjnQoe07ldfIzcsGb5hC5W0Dm7u423KWzawlrpbjXBrXCEv9zazQ=="],

    "@aws-sdk/client-s3": ["@aws-sdk/client-s3@3.879.0", "", { "dependencies": { "@aws-crypto/sha1-browser": "5.2.0", "@aws-crypto/sha256-browser": "5.2.0", "@aws-crypto/sha256-js": "5.2.0", "@aws-sdk/core": "3.879.0", "@aws-sdk/credential-provider-node": "3.879.0", "@aws-sdk/middleware-bucket-endpoint": "3.873.0", "@aws-sdk/middleware-expect-continue": "3.873.0", "@aws-sdk/middleware-flexible-checksums": "3.879.0", "@aws-sdk/middleware-host-header": "3.873.0", "@aws-sdk/middleware-location-constraint": "3.873.0", "@aws-sdk/middleware-logger": "3.876.0", "@aws-sdk/middleware-recursion-detection": "3.873.0", "@aws-sdk/middleware-sdk-s3": "3.879.0", "@aws-sdk/middleware-ssec": "3.873.0", "@aws-sdk/middleware-user-agent": "3.879.0", "@aws-sdk/region-config-resolver": "3.873.0", "@aws-sdk/signature-v4-multi-region": "3.879.0", "@aws-sdk/types": "3.862.0", "@aws-sdk/util-endpoints": "3.879.0", "@aws-sdk/util-user-agent-browser": "3.873.0", "@aws-sdk/util-user-agent-node": "3.879.0", "@aws-sdk/xml-builder": "3.873.0", "@smithy/config-resolver": "^4.1.5", "@smithy/core": "^3.9.0", "@smithy/eventstream-serde-browser": "^4.0.5", "@smithy/eventstream-serde-config-resolver": "^4.1.3", "@smithy/eventstream-serde-node": "^4.0.5", "@smithy/fetch-http-handler": "^5.1.1", "@smithy/hash-blob-browser": "^4.0.5", "@smithy/hash-node": "^4.0.5", "@smithy/hash-stream-node": "^4.0.5", "@smithy/invalid-dependency": "^4.0.5", "@smithy/md5-js": "^4.0.5", "@smithy/middleware-content-length": "^4.0.5", "@smithy/middleware-endpoint": "^4.1.19", "@smithy/middleware-retry": "^4.1.20", "@smithy/middleware-serde": "^4.0.9", "@smithy/middleware-stack": "^4.0.5", "@smithy/node-config-provider": "^4.1.4", "@smithy/node-http-handler": "^4.1.1", "@smithy/protocol-http": "^5.1.3", "@smithy/smithy-client": "^4.5.0", "@smithy/types": "^4.3.2", "@smithy/url-parser": "^4.0.5", "@smithy/util-base64": "^4.0.0", "@smithy/util-body-length-browser": "^4.0.0", "@smithy/util-body-length-node": "^4.0.0", "@smithy/util-defaults-mode-browser": "^4.0.27", "@smithy/util-defaults-mode-node": "^4.0.27", "@smithy/util-endpoints": "^3.0.7", "@smithy/util-middleware": "^4.0.5", "@smithy/util-retry": "^4.0.7", "@smithy/util-stream": "^4.2.4", "@smithy/util-utf8": "^4.0.0", "@smithy/util-waiter": "^4.0.7", "@types/uuid": "^9.0.1", "tslib": "^2.6.2", "uuid": "^9.0.1" } }, "sha512-1bD2Do/OdCIzl72ncHKYamDhPijUErLYpuLvciyYD4Ywt4cVLHjWtVIqb22XOOHYYHE3NqHMd4uRhvXMlsBRoQ=="],

    "@aws-sdk/client-sso": ["@aws-sdk/client-sso@3.879.0", "", { "dependencies": { "@aws-crypto/sha256-browser": "5.2.0", "@aws-crypto/sha256-js": "5.2.0", "@aws-sdk/core": "3.879.0", "@aws-sdk/middleware-host-header": "3.873.0", "@aws-sdk/middleware-logger": "3.876.0", "@aws-sdk/middleware-recursion-detection": "3.873.0", "@aws-sdk/middleware-user-agent": "3.879.0", "@aws-sdk/region-config-resolver": "3.873.0", "@aws-sdk/types": "3.862.0", "@aws-sdk/util-endpoints": "3.879.0", "@aws-sdk/util-user-agent-browser": "3.873.0", "@aws-sdk/util-user-agent-node": "3.879.0", "@smithy/config-resolver": "^4.1.5", "@smithy/core": "^3.9.0", "@smithy/fetch-http-handler": "^5.1.1", "@smithy/hash-node": "^4.0.5", "@smithy/invalid-dependency": "^4.0.5", "@smithy/middleware-content-length": "^4.0.5", "@smithy/middleware-endpoint": "^4.1.19", "@smithy/middleware-retry": "^4.1.20", "@smithy/middleware-serde": "^4.0.9", "@smithy/middleware-stack": "^4.0.5", "@smithy/node-config-provider": "^4.1.4", "@smithy/node-http-handler": "^4.1.1", "@smithy/protocol-http": "^5.1.3", "@smithy/smithy-client": "^4.5.0", "@smithy/types": "^4.3.2", "@smithy/url-parser": "^4.0.5", "@smithy/util-base64": "^4.0.0", "@smithy/util-body-length-browser": "^4.0.0", "@smithy/util-body-length-node": "^4.0.0", "@smithy/util-defaults-mode-browser": "^4.0.27", "@smithy/util-defaults-mode-node": "^4.0.27", "@smithy/util-endpoints": "^3.0.7", "@smithy/util-middleware": "^4.0.5", "@smithy/util-retry": "^4.0.7", "@smithy/util-utf8": "^4.0.0", "tslib": "^2.6.2" } }, "sha512-+Pc3OYFpRYpKLKRreovPM63FPPud1/SF9vemwIJfz6KwsBCJdvg7vYD1xLSIp5DVZLeetgf4reCyAA5ImBfZuw=="],

    "@aws-sdk/core": ["@aws-sdk/core@3.879.0", "", { "dependencies": { "@aws-sdk/types": "3.862.0", "@aws-sdk/xml-builder": "3.873.0", "@smithy/core": "^3.9.0", "@smithy/node-config-provider": "^4.1.4", "@smithy/property-provider": "^4.0.5", "@smithy/protocol-http": "^5.1.3", "@smithy/signature-v4": "^5.1.3", "@smithy/smithy-client": "^4.5.0", "@smithy/types": "^4.3.2", "@smithy/util-base64": "^4.0.0", "@smithy/util-body-length-browser": "^4.0.0", "@smithy/util-middleware": "^4.0.5", "@smithy/util-utf8": "^4.0.0", "fast-xml-parser": "5.2.5", "tslib": "^2.6.2" } }, "sha512-AhNmLCrx980LsK+SfPXGh7YqTyZxsK0Qmy18mWmkfY0TSq7WLaSDB5zdQbgbnQCACCHy8DUYXbi4KsjlIhv3PA=="],

    "@aws-sdk/credential-provider-env": ["@aws-sdk/credential-provider-env@3.879.0", "", { "dependencies": { "@aws-sdk/core": "3.879.0", "@aws-sdk/types": "3.862.0", "@smithy/property-provider": "^4.0.5", "@smithy/types": "^4.3.2", "tslib": "^2.6.2" } }, "sha512-JgG7A8SSbr5IiCYL8kk39Y9chdSB5GPwBorDW8V8mr19G9L+qd6ohED4fAocoNFaDnYJ5wGAHhCfSJjzcsPBVQ=="],

    "@aws-sdk/credential-provider-http": ["@aws-sdk/credential-provider-http@3.879.0", "", { "dependencies": { "@aws-sdk/core": "3.879.0", "@aws-sdk/types": "3.862.0", "@smithy/fetch-http-handler": "^5.1.1", "@smithy/node-http-handler": "^4.1.1", "@smithy/property-provider": "^4.0.5", "@smithy/protocol-http": "^5.1.3", "@smithy/smithy-client": "^4.5.0", "@smithy/types": "^4.3.2", "@smithy/util-stream": "^4.2.4", "tslib": "^2.6.2" } }, "sha512-2hM5ByLpyK+qORUexjtYyDZsgxVCCUiJQZRMGkNXFEGz6zTpbjfTIWoh3zRgWHEBiqyPIyfEy50eIF69WshcuA=="],

    "@aws-sdk/credential-provider-ini": ["@aws-sdk/credential-provider-ini@3.879.0", "", { "dependencies": { "@aws-sdk/core": "3.879.0", "@aws-sdk/credential-provider-env": "3.879.0", "@aws-sdk/credential-provider-http": "3.879.0", "@aws-sdk/credential-provider-process": "3.879.0", "@aws-sdk/credential-provider-sso": "3.879.0", "@aws-sdk/credential-provider-web-identity": "3.879.0", "@aws-sdk/nested-clients": "3.879.0", "@aws-sdk/types": "3.862.0", "@smithy/credential-provider-imds": "^4.0.7", "@smithy/property-provider": "^4.0.5", "@smithy/shared-ini-file-loader": "^4.0.5", "@smithy/types": "^4.3.2", "tslib": "^2.6.2" } }, "sha512-07M8zfb73KmMBqVO5/V3Ea9kqDspMX0fO0kaI1bsjWI6ngnMye8jCE0/sIhmkVAI0aU709VA0g+Bzlopnw9EoQ=="],

    "@aws-sdk/credential-provider-node": ["@aws-sdk/credential-provider-node@3.879.0", "", { "dependencies": { "@aws-sdk/credential-provider-env": "3.879.0", "@aws-sdk/credential-provider-http": "3.879.0", "@aws-sdk/credential-provider-ini": "3.879.0", "@aws-sdk/credential-provider-process": "3.879.0", "@aws-sdk/credential-provider-sso": "3.879.0", "@aws-sdk/credential-provider-web-identity": "3.879.0", "@aws-sdk/types": "3.862.0", "@smithy/credential-provider-imds": "^4.0.7", "@smithy/property-provider": "^4.0.5", "@smithy/shared-ini-file-loader": "^4.0.5", "@smithy/types": "^4.3.2", "tslib": "^2.6.2" } }, "sha512-FYaAqJbnSTrVL2iZkNDj2hj5087yMv2RN2GA8DJhe7iOJjzhzRojrtlfpWeJg6IhK0sBKDH+YXbdeexCzUJvtA=="],

    "@aws-sdk/credential-provider-process": ["@aws-sdk/credential-provider-process@3.879.0", "", { "dependencies": { "@aws-sdk/core": "3.879.0", "@aws-sdk/types": "3.862.0", "@smithy/property-provider": "^4.0.5", "@smithy/shared-ini-file-loader": "^4.0.5", "@smithy/types": "^4.3.2", "tslib": "^2.6.2" } }, "sha512-7r360x1VyEt35Sm1JFOzww2WpnfJNBbvvnzoyLt7WRfK0S/AfsuWhu5ltJ80QvJ0R3AiSNbG+q/btG2IHhDYPQ=="],

    "@aws-sdk/credential-provider-sso": ["@aws-sdk/credential-provider-sso@3.879.0", "", { "dependencies": { "@aws-sdk/client-sso": "3.879.0", "@aws-sdk/core": "3.879.0", "@aws-sdk/token-providers": "3.879.0", "@aws-sdk/types": "3.862.0", "@smithy/property-provider": "^4.0.5", "@smithy/shared-ini-file-loader": "^4.0.5", "@smithy/types": "^4.3.2", "tslib": "^2.6.2" } }, "sha512-gd27B0NsgtKlaPNARj4IX7F7US5NuU691rGm0EUSkDsM7TctvJULighKoHzPxDQlrDbVI11PW4WtKS/Zg5zPlQ=="],

    "@aws-sdk/credential-provider-web-identity": ["@aws-sdk/credential-provider-web-identity@3.879.0", "", { "dependencies": { "@aws-sdk/core": "3.879.0", "@aws-sdk/nested-clients": "3.879.0", "@aws-sdk/types": "3.862.0", "@smithy/property-provider": "^4.0.5", "@smithy/types": "^4.3.2", "tslib": "^2.6.2" } }, "sha512-Jy4uPFfGzHk1Mxy+/Wr43vuw9yXsE2yiF4e4598vc3aJfO0YtA2nSfbKD3PNKRORwXbeKqWPfph9SCKQpWoxEg=="],

    "@aws-sdk/middleware-bucket-endpoint": ["@aws-sdk/middleware-bucket-endpoint@3.873.0", "", { "dependencies": { "@aws-sdk/types": "3.862.0", "@aws-sdk/util-arn-parser": "3.873.0", "@smithy/node-config-provider": "^4.1.4", "@smithy/protocol-http": "^5.1.3", "@smithy/types": "^4.3.2", "@smithy/util-config-provider": "^4.0.0", "tslib": "^2.6.2" } }, "sha512-b4bvr0QdADeTUs+lPc9Z48kXzbKHXQKgTvxx/jXDgSW9tv4KmYPO1gIj6Z9dcrBkRWQuUtSW3Tu2S5n6pe+zeg=="],

    "@aws-sdk/middleware-expect-continue": ["@aws-sdk/middleware-expect-continue@3.873.0", "", { "dependencies": { "@aws-sdk/types": "3.862.0", "@smithy/protocol-http": "^5.1.3", "@smithy/types": "^4.3.2", "tslib": "^2.6.2" } }, "sha512-GIqoc8WgRcf/opBOZXFLmplJQKwOMjiOMmDz9gQkaJ8FiVJoAp8EGVmK2TOWZMQUYsavvHYsHaor5R2xwPoGVg=="],

    "@aws-sdk/middleware-flexible-checksums": ["@aws-sdk/middleware-flexible-checksums@3.879.0", "", { "dependencies": { "@aws-crypto/crc32": "5.2.0", "@aws-crypto/crc32c": "5.2.0", "@aws-crypto/util": "5.2.0", "@aws-sdk/core": "3.879.0", "@aws-sdk/types": "3.862.0", "@smithy/is-array-buffer": "^4.0.0", "@smithy/node-config-provider": "^4.1.4", "@smithy/protocol-http": "^5.1.3", "@smithy/types": "^4.3.2", "@smithy/util-middleware": "^4.0.5", "@smithy/util-stream": "^4.2.4", "@smithy/util-utf8": "^4.0.0", "tslib": "^2.6.2" } }, "sha512-U1rcWToy2rlQPQLsx5h73uTC1XYo/JpnlJGCc3Iw7b1qrK8Mke4+rgMPKCfnXELD5TTazGrbT03frxH4Y1Ycvw=="],

    "@aws-sdk/middleware-host-header": ["@aws-sdk/middleware-host-header@3.873.0", "", { "dependencies": { "@aws-sdk/types": "3.862.0", "@smithy/protocol-http": "^5.1.3", "@smithy/types": "^4.3.2", "tslib": "^2.6.2" } }, "sha512-KZ/W1uruWtMOs7D5j3KquOxzCnV79KQW9MjJFZM/M0l6KI8J6V3718MXxFHsTjUE4fpdV6SeCNLV1lwGygsjJA=="],

    "@aws-sdk/middleware-location-constraint": ["@aws-sdk/middleware-location-constraint@3.873.0", "", { "dependencies": { "@aws-sdk/types": "3.862.0", "@smithy/types": "^4.3.2", "tslib": "^2.6.2" } }, "sha512-r+hIaORsW/8rq6wieDordXnA/eAu7xAPLue2InhoEX6ML7irP52BgiibHLpt9R0psiCzIHhju8qqKa4pJOrmiw=="],

    "@aws-sdk/middleware-logger": ["@aws-sdk/middleware-logger@3.876.0", "", { "dependencies": { "@aws-sdk/types": "3.862.0", "@smithy/types": "^4.3.2", "tslib": "^2.6.2" } }, "sha512-cpWJhOuMSyz9oV25Z/CMHCBTgafDCbv7fHR80nlRrPdPZ8ETNsahwRgltXP1QJJ8r3X/c1kwpOR7tc+RabVzNA=="],

    "@aws-sdk/middleware-recursion-detection": ["@aws-sdk/middleware-recursion-detection@3.873.0", "", { "dependencies": { "@aws-sdk/types": "3.862.0", "@smithy/protocol-http": "^5.1.3", "@smithy/types": "^4.3.2", "tslib": "^2.6.2" } }, "sha512-OtgY8EXOzRdEWR//WfPkA/fXl0+WwE8hq0y9iw2caNyKPtca85dzrrZWnPqyBK/cpImosrpR1iKMYr41XshsCg=="],

    "@aws-sdk/middleware-sdk-s3": ["@aws-sdk/middleware-sdk-s3@3.879.0", "", { "dependencies": { "@aws-sdk/core": "3.879.0", "@aws-sdk/types": "3.862.0", "@aws-sdk/util-arn-parser": "3.873.0", "@smithy/core": "^3.9.0", "@smithy/node-config-provider": "^4.1.4", "@smithy/protocol-http": "^5.1.3", "@smithy/signature-v4": "^5.1.3", "@smithy/smithy-client": "^4.5.0", "@smithy/types": "^4.3.2", "@smithy/util-config-provider": "^4.0.0", "@smithy/util-middleware": "^4.0.5", "@smithy/util-stream": "^4.2.4", "@smithy/util-utf8": "^4.0.0", "tslib": "^2.6.2" } }, "sha512-ZTpLr2AbZcCsEzu18YCtB8Tp8tjAWHT0ccfwy3HiL6g9ncuSMW+7BVi1hDYmBidFwpPbnnIMtM0db3pDMR6/WA=="],

    "@aws-sdk/middleware-ssec": ["@aws-sdk/middleware-ssec@3.873.0", "", { "dependencies": { "@aws-sdk/types": "3.862.0", "@smithy/types": "^4.3.2", "tslib": "^2.6.2" } }, "sha512-AF55J94BoiuzN7g3hahy0dXTVZahVi8XxRBLgzNp6yQf0KTng+hb/V9UQZVYY1GZaDczvvvnqC54RGe9OZZ9zQ=="],

    "@aws-sdk/middleware-user-agent": ["@aws-sdk/middleware-user-agent@3.879.0", "", { "dependencies": { "@aws-sdk/core": "3.879.0", "@aws-sdk/types": "3.862.0", "@aws-sdk/util-endpoints": "3.879.0", "@smithy/core": "^3.9.0", "@smithy/protocol-http": "^5.1.3", "@smithy/types": "^4.3.2", "tslib": "^2.6.2" } }, "sha512-DDSV8228lQxeMAFKnigkd0fHzzn5aauZMYC3CSj6e5/qE7+9OwpkUcjHfb7HZ9KWG6L2/70aKZXHqiJ4xKhOZw=="],

    "@aws-sdk/nested-clients": ["@aws-sdk/nested-clients@3.879.0", "", { "dependencies": { "@aws-crypto/sha256-browser": "5.2.0", "@aws-crypto/sha256-js": "5.2.0", "@aws-sdk/core": "3.879.0", "@aws-sdk/middleware-host-header": "3.873.0", "@aws-sdk/middleware-logger": "3.876.0", "@aws-sdk/middleware-recursion-detection": "3.873.0", "@aws-sdk/middleware-user-agent": "3.879.0", "@aws-sdk/region-config-resolver": "3.873.0", "@aws-sdk/types": "3.862.0", "@aws-sdk/util-endpoints": "3.879.0", "@aws-sdk/util-user-agent-browser": "3.873.0", "@aws-sdk/util-user-agent-node": "3.879.0", "@smithy/config-resolver": "^4.1.5", "@smithy/core": "^3.9.0", "@smithy/fetch-http-handler": "^5.1.1", "@smithy/hash-node": "^4.0.5", "@smithy/invalid-dependency": "^4.0.5", "@smithy/middleware-content-length": "^4.0.5", "@smithy/middleware-endpoint": "^4.1.19", "@smithy/middleware-retry": "^4.1.20", "@smithy/middleware-serde": "^4.0.9", "@smithy/middleware-stack": "^4.0.5", "@smithy/node-config-provider": "^4.1.4", "@smithy/node-http-handler": "^4.1.1", "@smithy/protocol-http": "^5.1.3", "@smithy/smithy-client": "^4.5.0", "@smithy/types": "^4.3.2", "@smithy/url-parser": "^4.0.5", "@smithy/util-base64": "^4.0.0", "@smithy/util-body-length-browser": "^4.0.0", "@smithy/util-body-length-node": "^4.0.0", "@smithy/util-defaults-mode-browser": "^4.0.27", "@smithy/util-defaults-mode-node": "^4.0.27", "@smithy/util-endpoints": "^3.0.7", "@smithy/util-middleware": "^4.0.5", "@smithy/util-retry": "^4.0.7", "@smithy/util-utf8": "^4.0.0", "tslib": "^2.6.2" } }, "sha512-7+n9NpIz9QtKYnxmw1fHi9C8o0GrX8LbBR4D50c7bH6Iq5+XdSuL5AFOWWQ5cMD0JhqYYJhK/fJsVau3nUtC4g=="],

    "@aws-sdk/region-config-resolver": ["@aws-sdk/region-config-resolver@3.873.0", "", { "dependencies": { "@aws-sdk/types": "3.862.0", "@smithy/node-config-provider": "^4.1.4", "@smithy/types": "^4.3.2", "@smithy/util-config-provider": "^4.0.0", "@smithy/util-middleware": "^4.0.5", "tslib": "^2.6.2" } }, "sha512-q9sPoef+BBG6PJnc4x60vK/bfVwvRWsPgcoQyIra057S/QGjq5VkjvNk6H8xedf6vnKlXNBwq9BaANBXnldUJg=="],

    "@aws-sdk/signature-v4-multi-region": ["@aws-sdk/signature-v4-multi-region@3.879.0", "", { "dependencies": { "@aws-sdk/middleware-sdk-s3": "3.879.0", "@aws-sdk/types": "3.862.0", "@smithy/protocol-http": "^5.1.3", "@smithy/signature-v4": "^5.1.3", "@smithy/types": "^4.3.2", "tslib": "^2.6.2" } }, "sha512-MDsw0EWOHyKac75X3gD8tLWtmPuRliS/s4IhWRhsdDCU13wewHIs5IlA5B65kT6ISf49yEIalEH3FHUSVqdmIQ=="],

    "@aws-sdk/token-providers": ["@aws-sdk/token-providers@3.879.0", "", { "dependencies": { "@aws-sdk/core": "3.879.0", "@aws-sdk/nested-clients": "3.879.0", "@aws-sdk/types": "3.862.0", "@smithy/property-provider": "^4.0.5", "@smithy/shared-ini-file-loader": "^4.0.5", "@smithy/types": "^4.3.2", "tslib": "^2.6.2" } }, "sha512-47J7sCwXdnw9plRZNAGVkNEOlSiLb/kR2slnDIHRK9NB/ECKsoqgz5OZQJ9E2f0yqOs8zSNJjn3T01KxpgW8Qw=="],

    "@aws-sdk/types": ["@aws-sdk/types@3.862.0", "", { "dependencies": { "@smithy/types": "^4.3.2", "tslib": "^2.6.2" } }, "sha512-Bei+RL0cDxxV+lW2UezLbCYYNeJm6Nzee0TpW0FfyTRBhH9C1XQh4+x+IClriXvgBnRquTMMYsmJfvx8iyLKrg=="],

    "@aws-sdk/util-arn-parser": ["@aws-sdk/util-arn-parser@3.873.0", "", { "dependencies": { "tslib": "^2.6.2" } }, "sha512-qag+VTqnJWDn8zTAXX4wiVioa0hZDQMtbZcGRERVnLar4/3/VIKBhxX2XibNQXFu1ufgcRn4YntT/XEPecFWcg=="],

    "@aws-sdk/util-endpoints": ["@aws-sdk/util-endpoints@3.879.0", "", { "dependencies": { "@aws-sdk/types": "3.862.0", "@smithy/types": "^4.3.2", "@smithy/url-parser": "^4.0.5", "@smithy/util-endpoints": "^3.0.7", "tslib": "^2.6.2" } }, "sha512-aVAJwGecYoEmbEFju3127TyJDF9qJsKDUUTRMDuS8tGn+QiWQFnfInmbt+el9GU1gEJupNTXV+E3e74y51fb7A=="],

    "@aws-sdk/util-locate-window": ["@aws-sdk/util-locate-window@3.873.0", "", { "dependencies": { "tslib": "^2.6.2" } }, "sha512-xcVhZF6svjM5Rj89T1WzkjQmrTF6dpR2UvIHPMTnSZoNe6CixejPZ6f0JJ2kAhO8H+dUHwNBlsUgOTIKiK/Syg=="],

    "@aws-sdk/util-user-agent-browser": ["@aws-sdk/util-user-agent-browser@3.873.0", "", { "dependencies": { "@aws-sdk/types": "3.862.0", "@smithy/types": "^4.3.2", "bowser": "^2.11.0", "tslib": "^2.6.2" } }, "sha512-AcRdbK6o19yehEcywI43blIBhOCSo6UgyWcuOJX5CFF8k39xm1ILCjQlRRjchLAxWrm0lU0Q7XV90RiMMFMZtA=="],

    "@aws-sdk/util-user-agent-node": ["@aws-sdk/util-user-agent-node@3.879.0", "", { "dependencies": { "@aws-sdk/middleware-user-agent": "3.879.0", "@aws-sdk/types": "3.862.0", "@smithy/node-config-provider": "^4.1.4", "@smithy/types": "^4.3.2", "tslib": "^2.6.2" }, "peerDependencies": { "aws-crt": ">=1.0.0" }, "optionalPeers": ["aws-crt"] }, "sha512-A5KGc1S+CJRzYnuxJQQmH1BtGsz46AgyHkqReKfGiNQA8ET/9y9LQ5t2ABqnSBHHIh3+MiCcQSkUZ0S3rTodrQ=="],

    "@aws-sdk/xml-builder": ["@aws-sdk/xml-builder@3.873.0", "", { "dependencies": { "@smithy/types": "^4.3.2", "tslib": "^2.6.2" } }, "sha512-kLO7k7cGJ6KaHiExSJWojZurF7SnGMDHXRuQunFnEoD0n1yB6Lqy/S/zHiQ7oJnBhPr9q0TW9qFkrsZb1Uc54w=="],

    "@biomejs/biome": ["@biomejs/biome@2.3.9", "", { "optionalDependencies": { "@biomejs/cli-darwin-arm64": "2.3.9", "@biomejs/cli-darwin-x64": "2.3.9", "@biomejs/cli-linux-arm64": "2.3.9", "@biomejs/cli-linux-arm64-musl": "2.3.9", "@biomejs/cli-linux-x64": "2.3.9", "@biomejs/cli-linux-x64-musl": "2.3.9", "@biomejs/cli-win32-arm64": "2.3.9", "@biomejs/cli-win32-x64": "2.3.9" }, "bin": { "biome": "bin/biome" } }, "sha512-js+34KpnY65I00k8P71RH0Uh2rJk4BrpxMGM5m2nBfM9XTlKE5N1URn5ydILPRyXXq4ebhKCjsvR+txS+D4z2A=="],

    "@biomejs/cli-darwin-arm64": ["@biomejs/cli-darwin-arm64@2.3.9", "", { "os": "darwin", "cpu": "arm64" }, "sha512-hHbYYnna/WBwem5iCpssQQLtm5ey8ADuDT8N2zqosk6LVWimlEuUnPy6Mbzgu4GWVriyL5ijWd+1zphX6ll4/A=="],

    "@biomejs/cli-darwin-x64": ["@biomejs/cli-darwin-x64@2.3.9", "", { "os": "darwin", "cpu": "x64" }, "sha512-sKMW5fpvGDmPdqCchtVH5MVlbVeSU3ad4CuKS45x8VHt3tNSC8CZ2QbxffAOKYK9v/mAeUiPC6Cx6+wtyU1q7g=="],

    "@biomejs/cli-linux-arm64": ["@biomejs/cli-linux-arm64@2.3.9", "", { "os": "linux", "cpu": "arm64" }, "sha512-BXBB6HbAgZI6T6QB8q6NSwIapVngqArP6K78BqkMerht7YjL6yWctqfeTnJm0qGF2bKBYFexslrbV+VTlM2E6g=="],

    "@biomejs/cli-linux-arm64-musl": ["@biomejs/cli-linux-arm64-musl@2.3.9", "", { "os": "linux", "cpu": "arm64" }, "sha512-JOHyG2nl8XDpncbMazm1uBSi1dPX9VbQDOjKcfSVXTqajD0PsgodMOKyuZ/PkBu5Lw877sWMTGKfEfpM7jE7Cw=="],

    "@biomejs/cli-linux-x64": ["@biomejs/cli-linux-x64@2.3.9", "", { "os": "linux", "cpu": "x64" }, "sha512-PjYuv2WLmvf0WtidxAkFjlElsn0P6qcvfPijrqu1j+3GoW3XSQh3ywGu7gZ25J25zrYj3KEovUjvUZB55ATrGw=="],

    "@biomejs/cli-linux-x64-musl": ["@biomejs/cli-linux-x64-musl@2.3.9", "", { "os": "linux", "cpu": "x64" }, "sha512-FUkb/5beCIC2trpqAbW9e095X4vamdlju80c1ExSmhfdrojLZnWkah/XfTSixKb/dQzbAjpD7vvs6rWkJ+P07Q=="],

    "@biomejs/cli-win32-arm64": ["@biomejs/cli-win32-arm64@2.3.9", "", { "os": "win32", "cpu": "arm64" }, "sha512-w48Yh/XbYHO2cBw8B5laK3vCAEKuocX5ItGXVDAqFE7Ze2wnR00/1vkY6GXglfRDOjWHu2XtxI0WKQ52x1qxEA=="],

    "@biomejs/cli-win32-x64": ["@biomejs/cli-win32-x64@2.3.9", "", { "os": "win32", "cpu": "x64" }, "sha512-90+J63VT7qImy9s3pkWL0ZX27VzVwMNCRzpLpe5yMzMYPbO1vcjL/w/Q5f/juAGMvP7a2Fd0H7IhAR6F7/i78A=="],

    "@smithy/abort-controller": ["@smithy/abort-controller@4.0.5", "", { "dependencies": { "@smithy/types": "^4.3.2", "tslib": "^2.6.2" } }, "sha512-jcrqdTQurIrBbUm4W2YdLVMQDoL0sA9DTxYd2s+R/y+2U9NLOP7Xf/YqfSg1FZhlZIYEnvk2mwbyvIfdLEPo8g=="],

    "@smithy/chunked-blob-reader": ["@smithy/chunked-blob-reader@5.0.0", "", { "dependencies": { "tslib": "^2.6.2" } }, "sha512-+sKqDBQqb036hh4NPaUiEkYFkTUGYzRsn3EuFhyfQfMy6oGHEUJDurLP9Ufb5dasr/XiAmPNMr6wa9afjQB+Gw=="],

    "@smithy/chunked-blob-reader-native": ["@smithy/chunked-blob-reader-native@4.0.0", "", { "dependencies": { "@smithy/util-base64": "^4.0.0", "tslib": "^2.6.2" } }, "sha512-R9wM2yPmfEMsUmlMlIgSzOyICs0x9uu7UTHoccMyt7BWw8shcGM8HqB355+BZCPBcySvbTYMs62EgEQkNxz2ig=="],

    "@smithy/config-resolver": ["@smithy/config-resolver@4.1.5", "", { "dependencies": { "@smithy/node-config-provider": "^4.1.4", "@smithy/types": "^4.3.2", "@smithy/util-config-provider": "^4.0.0", "@smithy/util-middleware": "^4.0.5", "tslib": "^2.6.2" } }, "sha512-viuHMxBAqydkB0AfWwHIdwf/PRH2z5KHGUzqyRtS/Wv+n3IHI993Sk76VCA7dD/+GzgGOmlJDITfPcJC1nIVIw=="],

    "@smithy/core": ["@smithy/core@3.9.0", "", { "dependencies": { "@smithy/middleware-serde": "^4.0.9", "@smithy/protocol-http": "^5.1.3", "@smithy/types": "^4.3.2", "@smithy/util-base64": "^4.0.0", "@smithy/util-body-length-browser": "^4.0.0", "@smithy/util-middleware": "^4.0.5", "@smithy/util-stream": "^4.2.4", "@smithy/util-utf8": "^4.0.0", "@types/uuid": "^9.0.1", "tslib": "^2.6.2", "uuid": "^9.0.1" } }, "sha512-B/GknvCfS3llXd/b++hcrwIuqnEozQDnRL4sBmOac5/z/dr0/yG1PURNPOyU4Lsiy1IyTj8scPxVqRs5dYWf6A=="],

    "@smithy/credential-provider-imds": ["@smithy/credential-provider-imds@4.0.7", "", { "dependencies": { "@smithy/node-config-provider": "^4.1.4", "@smithy/property-provider": "^4.0.5", "@smithy/types": "^4.3.2", "@smithy/url-parser": "^4.0.5", "tslib": "^2.6.2" } }, "sha512-dDzrMXA8d8riFNiPvytxn0mNwR4B3h8lgrQ5UjAGu6T9z/kRg/Xncf4tEQHE/+t25sY8IH3CowcmWi+1U5B1Gw=="],

    "@smithy/eventstream-codec": ["@smithy/eventstream-codec@4.0.5", "", { "dependencies": { "@aws-crypto/crc32": "5.2.0", "@smithy/types": "^4.3.2", "@smithy/util-hex-encoding": "^4.0.0", "tslib": "^2.6.2" } }, "sha512-miEUN+nz2UTNoRYRhRqVTJCx7jMeILdAurStT2XoS+mhokkmz1xAPp95DFW9Gxt4iF2VBqpeF9HbTQ3kY1viOA=="],

    "@smithy/eventstream-serde-browser": ["@smithy/eventstream-serde-browser@4.0.5", "", { "dependencies": { "@smithy/eventstream-serde-universal": "^4.0.5", "@smithy/types": "^4.3.2", "tslib": "^2.6.2" } }, "sha512-LCUQUVTbM6HFKzImYlSB9w4xafZmpdmZsOh9rIl7riPC3osCgGFVP+wwvYVw6pXda9PPT9TcEZxaq3XE81EdJQ=="],

    "@smithy/eventstream-serde-config-resolver": ["@smithy/eventstream-serde-config-resolver@4.1.3", "", { "dependencies": { "@smithy/types": "^4.3.2", "tslib": "^2.6.2" } }, "sha512-yTTzw2jZjn/MbHu1pURbHdpjGbCuMHWncNBpJnQAPxOVnFUAbSIUSwafiphVDjNV93TdBJWmeVAds7yl5QCkcA=="],

    "@smithy/eventstream-serde-node": ["@smithy/eventstream-serde-node@4.0.5", "", { "dependencies": { "@smithy/eventstream-serde-universal": "^4.0.5", "@smithy/types": "^4.3.2", "tslib": "^2.6.2" } }, "sha512-lGS10urI4CNzz6YlTe5EYG0YOpsSp3ra8MXyco4aqSkQDuyZPIw2hcaxDU82OUVtK7UY9hrSvgWtpsW5D4rb4g=="],

    "@smithy/eventstream-serde-universal": ["@smithy/eventstream-serde-universal@4.0.5", "", { "dependencies": { "@smithy/eventstream-codec": "^4.0.5", "@smithy/types": "^4.3.2", "tslib": "^2.6.2" } }, "sha512-JFnmu4SU36YYw3DIBVao3FsJh4Uw65vVDIqlWT4LzR6gXA0F3KP0IXFKKJrhaVzCBhAuMsrUUaT5I+/4ZhF7aw=="],

    "@smithy/fetch-http-handler": ["@smithy/fetch-http-handler@5.1.1", "", { "dependencies": { "@smithy/protocol-http": "^5.1.3", "@smithy/querystring-builder": "^4.0.5", "@smithy/types": "^4.3.2", "@smithy/util-base64": "^4.0.0", "tslib": "^2.6.2" } }, "sha512-61WjM0PWmZJR+SnmzaKI7t7G0UkkNFboDpzIdzSoy7TByUzlxo18Qlh9s71qug4AY4hlH/CwXdubMtkcNEb/sQ=="],

    "@smithy/hash-blob-browser": ["@smithy/hash-blob-browser@4.0.5", "", { "dependencies": { "@smithy/chunked-blob-reader": "^5.0.0", "@smithy/chunked-blob-reader-native": "^4.0.0", "@smithy/types": "^4.3.2", "tslib": "^2.6.2" } }, "sha512-F7MmCd3FH/Q2edhcKd+qulWkwfChHbc9nhguBlVjSUE6hVHhec3q6uPQ+0u69S6ppvLtR3eStfCuEKMXBXhvvA=="],

    "@smithy/hash-node": ["@smithy/hash-node@4.0.5", "", { "dependencies": { "@smithy/types": "^4.3.2", "@smithy/util-buffer-from": "^4.0.0", "@smithy/util-utf8": "^4.0.0", "tslib": "^2.6.2" } }, "sha512-cv1HHkKhpyRb6ahD8Vcfb2Hgz67vNIXEp2vnhzfxLFGRukLCNEA5QdsorbUEzXma1Rco0u3rx5VTqbM06GcZqQ=="],

    "@smithy/hash-stream-node": ["@smithy/hash-stream-node@4.0.5", "", { "dependencies": { "@smithy/types": "^4.3.2", "@smithy/util-utf8": "^4.0.0", "tslib": "^2.6.2" } }, "sha512-IJuDS3+VfWB67UC0GU0uYBG/TA30w+PlOaSo0GPm9UHS88A6rCP6uZxNjNYiyRtOcjv7TXn/60cW8ox1yuZsLg=="],

    "@smithy/invalid-dependency": ["@smithy/invalid-dependency@4.0.5", "", { "dependencies": { "@smithy/types": "^4.3.2", "tslib": "^2.6.2" } }, "sha512-IVnb78Qtf7EJpoEVo7qJ8BEXQwgC4n3igeJNNKEj/MLYtapnx8A67Zt/J3RXAj2xSO1910zk0LdFiygSemuLow=="],

    "@smithy/is-array-buffer": ["@smithy/is-array-buffer@4.0.0", "", { "dependencies": { "tslib": "^2.6.2" } }, "sha512-saYhF8ZZNoJDTvJBEWgeBccCg+yvp1CX+ed12yORU3NilJScfc6gfch2oVb4QgxZrGUx3/ZJlb+c/dJbyupxlw=="],

    "@smithy/md5-js": ["@smithy/md5-js@4.0.5", "", { "dependencies": { "@smithy/types": "^4.3.2", "@smithy/util-utf8": "^4.0.0", "tslib": "^2.6.2" } }, "sha512-8n2XCwdUbGr8W/XhMTaxILkVlw2QebkVTn5tm3HOcbPbOpWg89zr6dPXsH8xbeTsbTXlJvlJNTQsKAIoqQGbdA=="],

    "@smithy/middleware-content-length": ["@smithy/middleware-content-length@4.0.5", "", { "dependencies": { "@smithy/protocol-http": "^5.1.3", "@smithy/types": "^4.3.2", "tslib": "^2.6.2" } }, "sha512-l1jlNZoYzoCC7p0zCtBDE5OBXZ95yMKlRlftooE5jPWQn4YBPLgsp+oeHp7iMHaTGoUdFqmHOPa8c9G3gBsRpQ=="],

    "@smithy/middleware-endpoint": ["@smithy/middleware-endpoint@4.1.19", "", { "dependencies": { "@smithy/core": "^3.9.0", "@smithy/middleware-serde": "^4.0.9", "@smithy/node-config-provider": "^4.1.4", "@smithy/shared-ini-file-loader": "^4.0.5", "@smithy/types": "^4.3.2", "@smithy/url-parser": "^4.0.5", "@smithy/util-middleware": "^4.0.5", "tslib": "^2.6.2" } }, "sha512-EAlEPncqo03siNZJ9Tm6adKCQ+sw5fNU8ncxWwaH0zTCwMPsgmERTi6CEKaermZdgJb+4Yvh0NFm36HeO4PGgQ=="],

    "@smithy/middleware-retry": ["@smithy/middleware-retry@4.1.20", "", { "dependencies": { "@smithy/node-config-provider": "^4.1.4", "@smithy/protocol-http": "^5.1.3", "@smithy/service-error-classification": "^4.0.7", "@smithy/smithy-client": "^4.5.0", "@smithy/types": "^4.3.2", "@smithy/util-middleware": "^4.0.5", "@smithy/util-retry": "^4.0.7", "@types/uuid": "^9.0.1", "tslib": "^2.6.2", "uuid": "^9.0.1" } }, "sha512-T3maNEm3Masae99eFdx1Q7PIqBBEVOvRd5hralqKZNeIivnoGNx5OFtI3DiZ5gCjUkl0mNondlzSXeVxkinh7Q=="],

    "@smithy/middleware-serde": ["@smithy/middleware-serde@4.0.9", "", { "dependencies": { "@smithy/protocol-http": "^5.1.3", "@smithy/types": "^4.3.2", "tslib": "^2.6.2" } }, "sha512-uAFFR4dpeoJPGz8x9mhxp+RPjo5wW0QEEIPPPbLXiRRWeCATf/Km3gKIVR5vaP8bN1kgsPhcEeh+IZvUlBv6Xg=="],

    "@smithy/middleware-stack": ["@smithy/middleware-stack@4.0.5", "", { "dependencies": { "@smithy/types": "^4.3.2", "tslib": "^2.6.2" } }, "sha512-/yoHDXZPh3ocRVyeWQFvC44u8seu3eYzZRveCMfgMOBcNKnAmOvjbL9+Cp5XKSIi9iYA9PECUuW2teDAk8T+OQ=="],

    "@smithy/node-config-provider": ["@smithy/node-config-provider@4.1.4", "", { "dependencies": { "@smithy/property-provider": "^4.0.5", "@smithy/shared-ini-file-loader": "^4.0.5", "@smithy/types": "^4.3.2", "tslib": "^2.6.2" } }, "sha512-+UDQV/k42jLEPPHSn39l0Bmc4sB1xtdI9Gd47fzo/0PbXzJ7ylgaOByVjF5EeQIumkepnrJyfx86dPa9p47Y+w=="],

    "@smithy/node-http-handler": ["@smithy/node-http-handler@4.1.1", "", { "dependencies": { "@smithy/abort-controller": "^4.0.5", "@smithy/protocol-http": "^5.1.3", "@smithy/querystring-builder": "^4.0.5", "@smithy/types": "^4.3.2", "tslib": "^2.6.2" } }, "sha512-RHnlHqFpoVdjSPPiYy/t40Zovf3BBHc2oemgD7VsVTFFZrU5erFFe0n52OANZZ/5sbshgD93sOh5r6I35Xmpaw=="],

    "@smithy/property-provider": ["@smithy/property-provider@4.0.5", "", { "dependencies": { "@smithy/types": "^4.3.2", "tslib": "^2.6.2" } }, "sha512-R/bswf59T/n9ZgfgUICAZoWYKBHcsVDurAGX88zsiUtOTA/xUAPyiT+qkNCPwFn43pZqN84M4MiUsbSGQmgFIQ=="],

    "@smithy/protocol-http": ["@smithy/protocol-http@5.1.3", "", { "dependencies": { "@smithy/types": "^4.3.2", "tslib": "^2.6.2" } }, "sha512-fCJd2ZR7D22XhDY0l+92pUag/7je2BztPRQ01gU5bMChcyI0rlly7QFibnYHzcxDvccMjlpM/Q1ev8ceRIb48w=="],

    "@smithy/querystring-builder": ["@smithy/querystring-builder@4.0.5", "", { "dependencies": { "@smithy/types": "^4.3.2", "@smithy/util-uri-escape": "^4.0.0", "tslib": "^2.6.2" } }, "sha512-NJeSCU57piZ56c+/wY+AbAw6rxCCAOZLCIniRE7wqvndqxcKKDOXzwWjrY7wGKEISfhL9gBbAaWWgHsUGedk+A=="],

    "@smithy/querystring-parser": ["@smithy/querystring-parser@4.0.5", "", { "dependencies": { "@smithy/types": "^4.3.2", "tslib": "^2.6.2" } }, "sha512-6SV7md2CzNG/WUeTjVe6Dj8noH32r4MnUeFKZrnVYsQxpGSIcphAanQMayi8jJLZAWm6pdM9ZXvKCpWOsIGg0w=="],

    "@smithy/service-error-classification": ["@smithy/service-error-classification@4.0.7", "", { "dependencies": { "@smithy/types": "^4.3.2" } }, "sha512-XvRHOipqpwNhEjDf2L5gJowZEm5nsxC16pAZOeEcsygdjv9A2jdOh3YoDQvOXBGTsaJk6mNWtzWalOB9976Wlg=="],

    "@smithy/shared-ini-file-loader": ["@smithy/shared-ini-file-loader@4.0.5", "", { "dependencies": { "@smithy/types": "^4.3.2", "tslib": "^2.6.2" } }, "sha512-YVVwehRDuehgoXdEL4r1tAAzdaDgaC9EQvhK0lEbfnbrd0bd5+CTQumbdPryX3J2shT7ZqQE+jPW4lmNBAB8JQ=="],

    "@smithy/signature-v4": ["@smithy/signature-v4@5.1.3", "", { "dependencies": { "@smithy/is-array-buffer": "^4.0.0", "@smithy/protocol-http": "^5.1.3", "@smithy/types": "^4.3.2", "@smithy/util-hex-encoding": "^4.0.0", "@smithy/util-middleware": "^4.0.5", "@smithy/util-uri-escape": "^4.0.0", "@smithy/util-utf8": "^4.0.0", "tslib": "^2.6.2" } }, "sha512-mARDSXSEgllNzMw6N+mC+r1AQlEBO3meEAkR/UlfAgnMzJUB3goRBWgip1EAMG99wh36MDqzo86SfIX5Y+VEaw=="],

    "@smithy/smithy-client": ["@smithy/smithy-client@4.5.0", "", { "dependencies": { "@smithy/core": "^3.9.0", "@smithy/middleware-endpoint": "^4.1.19", "@smithy/middleware-stack": "^4.0.5", "@smithy/protocol-http": "^5.1.3", "@smithy/types": "^4.3.2", "@smithy/util-stream": "^4.2.4", "tslib": "^2.6.2" } }, "sha512-ZSdE3vl0MuVbEwJBxSftm0J5nL/gw76xp5WF13zW9cN18MFuFXD5/LV0QD8P+sCU5bSWGyy6CTgUupE1HhOo1A=="],

    "@smithy/types": ["@smithy/types@4.3.2", "", { "dependencies": { "tslib": "^2.6.2" } }, "sha512-QO4zghLxiQ5W9UZmX2Lo0nta2PuE1sSrXUYDoaB6HMR762C0P7v/HEPHf6ZdglTVssJG1bsrSBxdc3quvDSihw=="],

    "@smithy/url-parser": ["@smithy/url-parser@4.0.5", "", { "dependencies": { "@smithy/querystring-parser": "^4.0.5", "@smithy/types": "^4.3.2", "tslib": "^2.6.2" } }, "sha512-j+733Um7f1/DXjYhCbvNXABV53NyCRRA54C7bNEIxNPs0YjfRxeMKjjgm2jvTYrciZyCjsicHwQ6Q0ylo+NAUw=="],

    "@smithy/util-base64": ["@smithy/util-base64@4.0.0", "", { "dependencies": { "@smithy/util-buffer-from": "^4.0.0", "@smithy/util-utf8": "^4.0.0", "tslib": "^2.6.2" } }, "sha512-CvHfCmO2mchox9kjrtzoHkWHxjHZzaFojLc8quxXY7WAAMAg43nuxwv95tATVgQFNDwd4M9S1qFzj40Ul41Kmg=="],

    "@smithy/util-body-length-browser": ["@smithy/util-body-length-browser@4.0.0", "", { "dependencies": { "tslib": "^2.6.2" } }, "sha512-sNi3DL0/k64/LO3A256M+m3CDdG6V7WKWHdAiBBMUN8S3hK3aMPhwnPik2A/a2ONN+9doY9UxaLfgqsIRg69QA=="],

    "@smithy/util-body-length-node": ["@smithy/util-body-length-node@4.0.0", "", { "dependencies": { "tslib": "^2.6.2" } }, "sha512-q0iDP3VsZzqJyje8xJWEJCNIu3lktUGVoSy1KB0UWym2CL1siV3artm+u1DFYTLejpsrdGyCSWBdGNjJzfDPjg=="],

    "@smithy/util-buffer-from": ["@smithy/util-buffer-from@4.0.0", "", { "dependencies": { "@smithy/is-array-buffer": "^4.0.0", "tslib": "^2.6.2" } }, "sha512-9TOQ7781sZvddgO8nxueKi3+yGvkY35kotA0Y6BWRajAv8jjmigQ1sBwz0UX47pQMYXJPahSKEKYFgt+rXdcug=="],

    "@smithy/util-config-provider": ["@smithy/util-config-provider@4.0.0", "", { "dependencies": { "tslib": "^2.6.2" } }, "sha512-L1RBVzLyfE8OXH+1hsJ8p+acNUSirQnWQ6/EgpchV88G6zGBTDPdXiiExei6Z1wR2RxYvxY/XLw6AMNCCt8H3w=="],

    "@smithy/util-defaults-mode-browser": ["@smithy/util-defaults-mode-browser@4.0.27", "", { "dependencies": { "@smithy/property-provider": "^4.0.5", "@smithy/smithy-client": "^4.5.0", "@smithy/types": "^4.3.2", "bowser": "^2.11.0", "tslib": "^2.6.2" } }, "sha512-i/Fu6AFT5014VJNgWxKomBJP/GB5uuOsM4iHdcmplLm8B1eAqnRItw4lT2qpdO+mf+6TFmf6dGcggGLAVMZJsQ=="],

    "@smithy/util-defaults-mode-node": ["@smithy/util-defaults-mode-node@4.0.27", "", { "dependencies": { "@smithy/config-resolver": "^4.1.5", "@smithy/credential-provider-imds": "^4.0.7", "@smithy/node-config-provider": "^4.1.4", "@smithy/property-provider": "^4.0.5", "@smithy/smithy-client": "^4.5.0", "@smithy/types": "^4.3.2", "tslib": "^2.6.2" } }, "sha512-3W0qClMyxl/ELqTA39aNw1N+pN0IjpXT7lPFvZ8zTxqVFP7XCpACB9QufmN4FQtd39xbgS7/Lekn7LmDa63I5w=="],

    "@smithy/util-endpoints": ["@smithy/util-endpoints@3.0.7", "", { "dependencies": { "@smithy/node-config-provider": "^4.1.4", "@smithy/types": "^4.3.2", "tslib": "^2.6.2" } }, "sha512-klGBP+RpBp6V5JbrY2C/VKnHXn3d5V2YrifZbmMY8os7M6m8wdYFoO6w/fe5VkP+YVwrEktW3IWYaSQVNZJ8oQ=="],

    "@smithy/util-hex-encoding": ["@smithy/util-hex-encoding@4.0.0", "", { "dependencies": { "tslib": "^2.6.2" } }, "sha512-Yk5mLhHtfIgW2W2WQZWSg5kuMZCVbvhFmC7rV4IO2QqnZdbEFPmQnCcGMAX2z/8Qj3B9hYYNjZOhWym+RwhePw=="],

    "@smithy/util-middleware": ["@smithy/util-middleware@4.0.5", "", { "dependencies": { "@smithy/types": "^4.3.2", "tslib": "^2.6.2" } }, "sha512-N40PfqsZHRSsByGB81HhSo+uvMxEHT+9e255S53pfBw/wI6WKDI7Jw9oyu5tJTLwZzV5DsMha3ji8jk9dsHmQQ=="],

    "@smithy/util-retry": ["@smithy/util-retry@4.0.7", "", { "dependencies": { "@smithy/service-error-classification": "^4.0.7", "@smithy/types": "^4.3.2", "tslib": "^2.6.2" } }, "sha512-TTO6rt0ppK70alZpkjwy+3nQlTiqNfoXja+qwuAchIEAIoSZW8Qyd76dvBv3I5bCpE38APafG23Y/u270NspiQ=="],

    "@smithy/util-stream": ["@smithy/util-stream@4.2.4", "", { "dependencies": { "@smithy/fetch-http-handler": "^5.1.1", "@smithy/node-http-handler": "^4.1.1", "@smithy/types": "^4.3.2", "@smithy/util-base64": "^4.0.0", "@smithy/util-buffer-from": "^4.0.0", "@smithy/util-hex-encoding": "^4.0.0", "@smithy/util-utf8": "^4.0.0", "tslib": "^2.6.2" } }, "sha512-vSKnvNZX2BXzl0U2RgCLOwWaAP9x/ddd/XobPK02pCbzRm5s55M53uwb1rl/Ts7RXZvdJZerPkA+en2FDghLuQ=="],

    "@smithy/util-uri-escape": ["@smithy/util-uri-escape@4.0.0", "", { "dependencies": { "tslib": "^2.6.2" } }, "sha512-77yfbCbQMtgtTylO9itEAdpPXSog3ZxMe09AEhm0dU0NLTalV70ghDZFR+Nfi1C60jnJoh/Re4090/DuZh2Omg=="],

    "@smithy/util-utf8": ["@smithy/util-utf8@4.0.0", "", { "dependencies": { "@smithy/util-buffer-from": "^4.0.0", "tslib": "^2.6.2" } }, "sha512-b+zebfKCfRdgNJDknHCob3O7FpeYQN6ZG6YLExMcasDHsCXlsXCEuiPZeLnJLpwa5dvPetGlnGCiMHuLwGvFow=="],

    "@smithy/util-waiter": ["@smithy/util-waiter@4.0.7", "", { "dependencies": { "@smithy/abort-controller": "^4.0.5", "@smithy/types": "^4.3.2", "tslib": "^2.6.2" } }, "sha512-mYqtQXPmrwvUljaHyGxYUIIRI3qjBTEb/f5QFi3A6VlxhpmZd5mWXn9W+qUkf2pVE1Hv3SqxefiZOPGdxmO64A=="],

    "@types/bun": ["@types/bun@1.2.19", "", { "dependencies": { "bun-types": "1.2.19" } }, "sha512-d9ZCmrH3CJ2uYKXQIUuZ/pUnTqIvLDS0SK7pFmbx8ma+ziH/FRMoAq5bYpRG7y+w1gl+HgyNZbtqgMq4W4e2Lg=="],

    "@types/node": ["@types/node@24.1.0", "", { "dependencies": { "undici-types": "~7.8.0" } }, "sha512-ut5FthK5moxFKH2T1CUOC6ctR67rQRvvHdFLCD2Ql6KXmMuCrjsSsRI9UsLCm9M18BMwClv4pn327UvB7eeO1w=="],

    "@types/react": ["@types/react@19.1.8", "", { "dependencies": { "csstype": "^3.0.2" } }, "sha512-AwAfQ2Wa5bCx9WP8nZL2uMZWod7J7/JSplxbTmBQ5ms6QpqNYm672H0Vu9ZVKVngQ+ii4R/byguVEUZQyeg44g=="],

    "@types/uuid": ["@types/uuid@9.0.8", "", {}, "sha512-jg+97EGIcY9AGHJJRaaPVgetKDsrTgbRjQ5Msgjh/DQKEFl0DtyRr/VCOyD1T2R1MNeWPK/u7JoGhlDZnKBAfA=="],

    "@typescript/native-preview": ["@typescript/native-preview@7.0.0-dev.20250725.1", "", { "optionalDependencies": { "@typescript/native-preview-darwin-arm64": "7.0.0-dev.20250725.1", "@typescript/native-preview-darwin-x64": "7.0.0-dev.20250725.1", "@typescript/native-preview-linux-arm": "7.0.0-dev.20250725.1", "@typescript/native-preview-linux-arm64": "7.0.0-dev.20250725.1", "@typescript/native-preview-linux-x64": "7.0.0-dev.20250725.1", "@typescript/native-preview-win32-arm64": "7.0.0-dev.20250725.1", "@typescript/native-preview-win32-x64": "7.0.0-dev.20250725.1" }, "bin": { "tsgo": "bin/tsgo.js" } }, "sha512-tIXt/RNuuIx7RQkxcmQ/PzSt9ifrY+saYD0i63kQsGELRxOCB3YMY7ZVqpI4WX4ulIpqjw1eVwlSfF+36lX18w=="],

    "@typescript/native-preview-darwin-arm64": ["@typescript/native-preview-darwin-arm64@7.0.0-dev.20250725.1", "", { "os": "darwin", "cpu": "arm64" }, "sha512-cVdP7WI0sH2XPpxHxfmeCQsHfLFFxAGhgwceCmbe/EiX1bgJKWY6vB6iLfGv8b+2a4S5ZqnUuz/MdY8pgRlpog=="],

    "@typescript/native-preview-darwin-x64": ["@typescript/native-preview-darwin-x64@7.0.0-dev.20250725.1", "", { "os": "darwin", "cpu": "x64" }, "sha512-rneVW6EG0cG8sK2OcxqsikugcIQTReZxx3VL+Cr2SsaD7g2ROvrpDjb8GmzFYbLuCRQkKhk0eop47MXopwJFHg=="],

    "@typescript/native-preview-linux-arm": ["@typescript/native-preview-linux-arm@7.0.0-dev.20250725.1", "", { "os": "linux", "cpu": "arm" }, "sha512-cksXd5g9jpez14B7ANWfe76TGcfTiOsXFnVL14dITwe1CCegAJo6eYH1eo9s2yuKOpZZXeUDyYHABD8tYGYyUQ=="],

    "@typescript/native-preview-linux-arm64": ["@typescript/native-preview-linux-arm64@7.0.0-dev.20250725.1", "", { "os": "linux", "cpu": "arm64" }, "sha512-uzqO26nv/bsoCxpEJuYNE4SiZ/FrRq0og6RkMz6WXku6SCiy35l1zDJpGyIQpvV7ldBgLW2KENpVpZ+tSwRMyA=="],

    "@typescript/native-preview-linux-x64": ["@typescript/native-preview-linux-x64@7.0.0-dev.20250725.1", "", { "os": "linux", "cpu": "x64" }, "sha512-fcPiVePGOBx1DP2hVXl/sX0VtJCfpB6VutH/uip1I52obKYVpZaPV8ljO018Ugquy/rfrp5fce7gAIiuDR1E7A=="],

    "@typescript/native-preview-win32-arm64": ["@typescript/native-preview-win32-arm64@7.0.0-dev.20250725.1", "", { "os": "win32", "cpu": "arm64" }, "sha512-eJnjdADTkMiSdSEB6oPzDQfcyaEJnjX0VwECv0TIZ+mlW29Yb0MYNqhWa0gS2YmddJMfydz4Dxn5jX+yh8vTGQ=="],

    "@typescript/native-preview-win32-x64": ["@typescript/native-preview-win32-x64@7.0.0-dev.20250725.1", "", { "os": "win32", "cpu": "x64" }, "sha512-1WVouUtx6MY/Uw/baR2JHSFFlqhhw9zs35py/6EEbDuWEhhZNAf22y0DX9ugPOGy9m0XA5BcQhH/2DDxv0+2SA=="],

    "bowser": ["bowser@2.12.1", "", {}, "sha512-z4rE2Gxh7tvshQ4hluIT7XcFrgLIQaw9X3A+kTTRdovCz5PMukm/0QC/BKSYPj3omF5Qfypn9O/c5kgpmvYUCw=="],

    "bun-types": ["bun-types@1.2.19", "", { "dependencies": { "@types/node": "*" }, "peerDependencies": { "@types/react": "^19" } }, "sha512-uAOTaZSPuYsWIXRpj7o56Let0g/wjihKCkeRqUBhlLVM/Bt+Fj9xTo+LhC1OV1XDaGkz4hNC80et5xgy+9KTHQ=="],

    "ccusage": ["ccusage@17.0.2", "", { "bin": { "ccusage": "dist/index.js" } }, "sha512-t8W/L8bjOvH0BtnPusATWGmMrrWVqQ3Yp5Jb+zqws9FbL3nxAeScPDH43BVaXbKIK98fJSFmKapRJnnfTSR4Rg=="],

    "csstype": ["csstype@3.1.3", "", {}, "sha512-M1uQkMl8rQK/szD0LNhtqxIPLpimGm8sOBwU7lLnCpSbTyY3yeU1Vc7l4KT5zT4s/yOxHH5O7tIuuLOCnLADRw=="],

    "fast-xml-parser": ["fast-xml-parser@5.2.5", "", { "dependencies": { "strnum": "^2.1.0" }, "bin": { "fxparser": "src/cli/cli.js" } }, "sha512-pfX9uG9Ki0yekDHx2SiuRIyFdyAr1kMIMitPvb0YBo8SUfKvia7w7FIyd/l6av85pFYRhZscS75MwMnbvY+hcQ=="],

    "strnum": ["strnum@2.1.1", "", {}, "sha512-7ZvoFTiCnGxBtDqJ//Cu6fWtZtc7Y3x+QOirG15wztbdngGSkht27o2pyGWrVy0b4WAy3jbKmnoK6g5VlVNUUw=="],

    "tslib": ["tslib@2.8.1", "", {}, "sha512-oJFu94HQb+KVduSUQL7wnpmqnfmLsOA/nAh6b6EH0wCEoK0/mPeXU6c3wKDV83MkOuHPRHtSXKKU99IBazS/2w=="],

    "typescript": ["typescript@5.8.3", "", { "bin": { "tsc": "bin/tsc", "tsserver": "bin/tsserver" } }, "sha512-p1diW6TqL9L07nNxvRMM7hMMw4c5XOo/1ibL4aAIGmSAt9slTE1Xgw5KWuof2uTOvCg9BY7ZRi+GaF+7sfgPeQ=="],

    "undici-types": ["undici-types@7.8.0", "", {}, "sha512-9UJ2xGDvQ43tYyVMpuHlsgApydB8ZKfVYTsLDhXkFL/6gfkp+U8xTGdh8pMJv1SpZna0zxG1DwsKZsreLbXBxw=="],

    "uuid": ["uuid@9.0.1", "", { "bin": { "uuid": "dist/bin/uuid" } }, "sha512-b+1eJOlsR9K8HJpow9Ok3fiWOWSIcIzXodvv0rQjVoOVNpWMpxf1wZNpt4y9h10odCNrqnYp1OBzRktckBe3sA=="],

    "@aws-crypto/sha1-browser/@smithy/util-utf8": ["@smithy/util-utf8@2.3.0", "", { "dependencies": { "@smithy/util-buffer-from": "^2.2.0", "tslib": "^2.6.2" } }, "sha512-R8Rdn8Hy72KKcebgLiv8jQcQkXoLMOGGv5uI1/k0l+snqkOzQ1R0ChUBCxWMlBsFMekWjq0wRudIweFs7sKT5A=="],

    "@aws-crypto/sha256-browser/@smithy/util-utf8": ["@smithy/util-utf8@2.3.0", "", { "dependencies": { "@smithy/util-buffer-from": "^2.2.0", "tslib": "^2.6.2" } }, "sha512-R8Rdn8Hy72KKcebgLiv8jQcQkXoLMOGGv5uI1/k0l+snqkOzQ1R0ChUBCxWMlBsFMekWjq0wRudIweFs7sKT5A=="],

    "@aws-crypto/util/@smithy/util-utf8": ["@smithy/util-utf8@2.3.0", "", { "dependencies": { "@smithy/util-buffer-from": "^2.2.0", "tslib": "^2.6.2" } }, "sha512-R8Rdn8Hy72KKcebgLiv8jQcQkXoLMOGGv5uI1/k0l+snqkOzQ1R0ChUBCxWMlBsFMekWjq0wRudIweFs7sKT5A=="],

    "@aws-crypto/sha1-browser/@smithy/util-utf8/@smithy/util-buffer-from": ["@smithy/util-buffer-from@2.2.0", "", { "dependencies": { "@smithy/is-array-buffer": "^2.2.0", "tslib": "^2.6.2" } }, "sha512-IJdWBbTcMQ6DA0gdNhh/BwrLkDR+ADW5Kr1aZmd4k3DIF6ezMV4R2NIAmT08wQJ3yUK82thHWmC/TnK/wpMMIA=="],

    "@aws-crypto/sha256-browser/@smithy/util-utf8/@smithy/util-buffer-from": ["@smithy/util-buffer-from@2.2.0", "", { "dependencies": { "@smithy/is-array-buffer": "^2.2.0", "tslib": "^2.6.2" } }, "sha512-IJdWBbTcMQ6DA0gdNhh/BwrLkDR+ADW5Kr1aZmd4k3DIF6ezMV4R2NIAmT08wQJ3yUK82thHWmC/TnK/wpMMIA=="],

    "@aws-crypto/util/@smithy/util-utf8/@smithy/util-buffer-from": ["@smithy/util-buffer-from@2.2.0", "", { "dependencies": { "@smithy/is-array-buffer": "^2.2.0", "tslib": "^2.6.2" } }, "sha512-IJdWBbTcMQ6DA0gdNhh/BwrLkDR+ADW5Kr1aZmd4k3DIF6ezMV4R2NIAmT08wQJ3yUK82thHWmC/TnK/wpMMIA=="],

    "@aws-crypto/sha1-browser/@smithy/util-utf8/@smithy/util-buffer-from/@smithy/is-array-buffer": ["@smithy/is-array-buffer@2.2.0", "", { "dependencies": { "tslib": "^2.6.2" } }, "sha512-GGP3O9QFD24uGeAXYUjwSTXARoqpZykHadOmA8G5vfJPK0/DC67qa//0qvqrJzL1xc8WQWX7/yc7fwudjPHPhA=="],

    "@aws-crypto/sha256-browser/@smithy/util-utf8/@smithy/util-buffer-from/@smithy/is-array-buffer": ["@smithy/is-array-buffer@2.2.0", "", { "dependencies": { "tslib": "^2.6.2" } }, "sha512-GGP3O9QFD24uGeAXYUjwSTXARoqpZykHadOmA8G5vfJPK0/DC67qa//0qvqrJzL1xc8WQWX7/yc7fwudjPHPhA=="],

    "@aws-crypto/util/@smithy/util-utf8/@smithy/util-buffer-from/@smithy/is-array-buffer": ["@smithy/is-array-buffer@2.2.0", "", { "dependencies": { "tslib": "^2.6.2" } }, "sha512-GGP3O9QFD24uGeAXYUjwSTXARoqpZykHadOmA8G5vfJPK0/DC67qa//0qvqrJzL1xc8WQWX7/yc7fwudjPHPhA=="],
  }
}
