{
  "lockfileVersion": 1,
  "workspaces": {
    "": {
      "name": "ccusage-multi-devices",
      "dependencies": {
        "@typescript/native-preview": "^7.0.0-dev.20250725.1",
        "ccusage": "^16.1.1",
      },
      "devDependencies": {
        "@biomejs/biome": "2.2.2",
        "@types/bun": "latest",
      },
      "peerDependencies": {
        "typescript": "^5.0.0",
      },
    },
  },
  "packages": {
    "@biomejs/biome": ["@biomejs/biome@2.2.2", "", { "optionalDependencies": { "@biomejs/cli-darwin-arm64": "2.2.2", "@biomejs/cli-darwin-x64": "2.2.2", "@biomejs/cli-linux-arm64": "2.2.2", "@biomejs/cli-linux-arm64-musl": "2.2.2", "@biomejs/cli-linux-x64": "2.2.2", "@biomejs/cli-linux-x64-musl": "2.2.2", "@biomejs/cli-win32-arm64": "2.2.2", "@biomejs/cli-win32-x64": "2.2.2" }, "bin": { "biome": "bin/biome" } }, "sha512-j1omAiQWCkhuLgwpMKisNKnsM6W8Xtt1l0WZmqY/dFj8QPNkIoTvk4tSsi40FaAAkBE1PU0AFG2RWFBWenAn+w=="],

    "@biomejs/cli-darwin-arm64": ["@biomejs/cli-darwin-arm64@2.2.2", "", { "os": "darwin", "cpu": "arm64" }, "sha512-6ePfbCeCPryWu0CXlzsWNZgVz/kBEvHiPyNpmViSt6A2eoDf4kXs3YnwQPzGjy8oBgQulrHcLnJL0nkCh80mlQ=="],

    "@biomejs/cli-darwin-x64": ["@biomejs/cli-darwin-x64@2.2.2", "", { "os": "darwin", "cpu": "x64" }, "sha512-Tn4JmVO+rXsbRslml7FvKaNrlgUeJot++FkvYIhl1OkslVCofAtS35MPlBMhXgKWF9RNr9cwHanrPTUUXcYGag=="],

    "@biomejs/cli-linux-arm64": ["@biomejs/cli-linux-arm64@2.2.2", "", { "os": "linux", "cpu": "arm64" }, "sha512-JfrK3gdmWWTh2J5tq/rcWCOsImVyzUnOS2fkjhiYKCQ+v8PqM+du5cfB7G1kXas+7KQeKSWALv18iQqdtIMvzw=="],

    "@biomejs/cli-linux-arm64-musl": ["@biomejs/cli-linux-arm64-musl@2.2.2", "", { "os": "linux", "cpu": "arm64" }, "sha512-/MhYg+Bd6renn6i1ylGFL5snYUn/Ct7zoGVKhxnro3bwekiZYE8Kl39BSb0MeuqM+72sThkQv4TnNubU9njQRw=="],

    "@biomejs/cli-linux-x64": ["@biomejs/cli-linux-x64@2.2.2", "", { "os": "linux", "cpu": "x64" }, "sha512-Ogb+77edO5LEP/xbNicACOWVLt8mgC+E1wmpUakr+O4nKwLt9vXe74YNuT3T1dUBxC/SnrVmlzZFC7kQJEfquQ=="],

    "@biomejs/cli-linux-x64-musl": ["@biomejs/cli-linux-x64-musl@2.2.2", "", { "os": "linux", "cpu": "x64" }, "sha512-ZCLXcZvjZKSiRY/cFANKg+z6Fhsf9MHOzj+NrDQcM+LbqYRT97LyCLWy2AS+W2vP+i89RyRM+kbGpUzbRTYWig=="],

    "@biomejs/cli-win32-arm64": ["@biomejs/cli-win32-arm64@2.2.2", "", { "os": "win32", "cpu": "arm64" }, "sha512-wBe2wItayw1zvtXysmHJQoQqXlTzHSpQRyPpJKiNIR21HzH/CrZRDFic1C1jDdp+zAPtqhNExa0owKMbNwW9cQ=="],

    "@biomejs/cli-win32-x64": ["@biomejs/cli-win32-x64@2.2.2", "", { "os": "win32", "cpu": "x64" }, "sha512-DAuHhHekGfiGb6lCcsT4UyxQmVwQiBCBUMwVra/dcOSs9q8OhfaZgey51MlekT3p8UwRqtXQfFuEJBhJNdLZwg=="],

    "@types/bun": ["@types/bun@1.2.19", "", { "dependencies": { "bun-types": "1.2.19" } }, "sha512-d9ZCmrH3CJ2uYKXQIUuZ/pUnTqIvLDS0SK7pFmbx8ma+ziH/FRMoAq5bYpRG7y+w1gl+HgyNZbtqgMq4W4e2Lg=="],

    "@types/node": ["@types/node@24.1.0", "", { "dependencies": { "undici-types": "~7.8.0" } }, "sha512-ut5FthK5moxFKH2T1CUOC6ctR67rQRvvHdFLCD2Ql6KXmMuCrjsSsRI9UsLCm9M18BMwClv4pn327UvB7eeO1w=="],

    "@types/react": ["@types/react@19.1.8", "", { "dependencies": { "csstype": "^3.0.2" } }, "sha512-AwAfQ2Wa5bCx9WP8nZL2uMZWod7J7/JSplxbTmBQ5ms6QpqNYm672H0Vu9ZVKVngQ+ii4R/byguVEUZQyeg44g=="],

    "@typescript/native-preview": ["@typescript/native-preview@7.0.0-dev.20250725.1", "", { "optionalDependencies": { "@typescript/native-preview-darwin-arm64": "7.0.0-dev.20250725.1", "@typescript/native-preview-darwin-x64": "7.0.0-dev.20250725.1", "@typescript/native-preview-linux-arm": "7.0.0-dev.20250725.1", "@typescript/native-preview-linux-arm64": "7.0.0-dev.20250725.1", "@typescript/native-preview-linux-x64": "7.0.0-dev.20250725.1", "@typescript/native-preview-win32-arm64": "7.0.0-dev.20250725.1", "@typescript/native-preview-win32-x64": "7.0.0-dev.20250725.1" }, "bin": { "tsgo": "bin/tsgo.js" } }, "sha512-tIXt/RNuuIx7RQkxcmQ/PzSt9ifrY+saYD0i63kQsGELRxOCB3YMY7ZVqpI4WX4ulIpqjw1eVwlSfF+36lX18w=="],

    "@typescript/native-preview-darwin-arm64": ["@typescript/native-preview-darwin-arm64@7.0.0-dev.20250725.1", "", { "os": "darwin", "cpu": "arm64" }, "sha512-cVdP7WI0sH2XPpxHxfmeCQsHfLFFxAGhgwceCmbe/EiX1bgJKWY6vB6iLfGv8b+2a4S5ZqnUuz/MdY8pgRlpog=="],

    "@typescript/native-preview-darwin-x64": ["@typescript/native-preview-darwin-x64@7.0.0-dev.20250725.1", "", { "os": "darwin", "cpu": "x64" }, "sha512-rneVW6EG0cG8sK2OcxqsikugcIQTReZxx3VL+Cr2SsaD7g2ROvrpDjb8GmzFYbLuCRQkKhk0eop47MXopwJFHg=="],

    "@typescript/native-preview-linux-arm": ["@typescript/native-preview-linux-arm@7.0.0-dev.20250725.1", "", { "os": "linux", "cpu": "arm" }, "sha512-cksXd5g9jpez14B7ANWfe76TGcfTiOsXFnVL14dITwe1CCegAJo6eYH1eo9s2yuKOpZZXeUDyYHABD8tYGYyUQ=="],

    "@typescript/native-preview-linux-arm64": ["@typescript/native-preview-linux-arm64@7.0.0-dev.20250725.1", "", { "os": "linux", "cpu": "arm64" }, "sha512-uzqO26nv/bsoCxpEJuYNE4SiZ/FrRq0og6RkMz6WXku6SCiy35l1zDJpGyIQpvV7ldBgLW2KENpVpZ+tSwRMyA=="],

    "@typescript/native-preview-linux-x64": ["@typescript/native-preview-linux-x64@7.0.0-dev.20250725.1", "", { "os": "linux", "cpu": "x64" }, "sha512-fcPiVePGOBx1DP2hVXl/sX0VtJCfpB6VutH/uip1I52obKYVpZaPV8ljO018Ugquy/rfrp5fce7gAIiuDR1E7A=="],

    "@typescript/native-preview-win32-arm64": ["@typescript/native-preview-win32-arm64@7.0.0-dev.20250725.1", "", { "os": "win32", "cpu": "arm64" }, "sha512-eJnjdADTkMiSdSEB6oPzDQfcyaEJnjX0VwECv0TIZ+mlW29Yb0MYNqhWa0gS2YmddJMfydz4Dxn5jX+yh8vTGQ=="],

    "@typescript/native-preview-win32-x64": ["@typescript/native-preview-win32-x64@7.0.0-dev.20250725.1", "", { "os": "win32", "cpu": "x64" }, "sha512-1WVouUtx6MY/Uw/baR2JHSFFlqhhw9zs35py/6EEbDuWEhhZNAf22y0DX9ugPOGy9m0XA5BcQhH/2DDxv0+2SA=="],

    "bun-types": ["bun-types@1.2.19", "", { "dependencies": { "@types/node": "*" }, "peerDependencies": { "@types/react": "^19" } }, "sha512-uAOTaZSPuYsWIXRpj7o56Let0g/wjihKCkeRqUBhlLVM/Bt+Fj9xTo+LhC1OV1XDaGkz4hNC80et5xgy+9KTHQ=="],

    "ccusage": ["ccusage@16.2.0", "", { "bin": { "ccusage": "dist/index.js" } }, "sha512-eP7RosNkL44L4N0tAevlQxbgwfihNQ6jsGdtK00JXe89KmXaoLawm2nDrW+R/sAJv3Yk2+S0uS7K/sidYtYQdg=="],

    "csstype": ["csstype@3.1.3", "", {}, "sha512-M1uQkMl8rQK/szD0LNhtqxIPLpimGm8sOBwU7lLnCpSbTyY3yeU1Vc7l4KT5zT4s/yOxHH5O7tIuuLOCnLADRw=="],

    "typescript": ["typescript@5.8.3", "", { "bin": { "tsc": "bin/tsc", "tsserver": "bin/tsserver" } }, "sha512-p1diW6TqL9L07nNxvRMM7hMMw4c5XOo/1ibL4aAIGmSAt9slTE1Xgw5KWuof2uTOvCg9BY7ZRi+GaF+7sfgPeQ=="],

    "undici-types": ["undici-types@7.8.0", "", {}, "sha512-9UJ2xGDvQ43tYyVMpuHlsgApydB8ZKfVYTsLDhXkFL/6gfkp+U8xTGdh8pMJv1SpZna0zxG1DwsKZsreLbXBxw=="],
  }
}
